# THIS IS AN AUTOGENERATED FILE. DO NOT EDIT THIS FILE DIRECTLY.
# yarn lockfile v1


retypeapp-darwin-x64@^3.6.0:
  version "3.6.0"
  resolved "https://registry.yarnpkg.com/retypeapp-darwin-x64/-/retypeapp-darwin-x64-3.6.0.tgz#5b1b070d13e78b080af73d555bbfacb20523ce79"
  integrity sha512-w8tz2eHMjaY6AG/SQQGyWNvcIoemPupV6VV5XGmxucIv88GvS95BOewDrDPtCiuhoZNBG9Ej6L70+c/E4V7d4g==
